
Microsoft Visual Studio Solution File, Format Version 12.00
# Visual Studio Version 17
VisualStudioVersion = 17.8.34309.116
MinimumVisualStudioVersion = 10.0.40219.1
Project("{FAE04EC0-301F-11D3-BF4B-00C04F79EFBC}") = "VSA.Api", "VSA.Api.csproj", "{55343578-FB62-40BF-9552-33D5B7734F6E}"
EndProject
Global
	GlobalSection(SolutionConfigurationPlatforms) = preSolution
		Debug|Any CPU = Debug|Any CPU
		Release|Any CPU = Release|Any CPU
	EndGlobalSection
	GlobalSection(ProjectConfigurationPlatforms) = postSolution
		{55343578-FB62-40BF-9552-33D5B7734F6E}.Debug|Any CPU.ActiveCfg = Debug|Any CPU
		{55343578-FB62-40BF-9552-33D5B7734F6E}.Debug|Any CPU.Build.0 = Debug|Any CPU
		{55343578-FB62-40BF-9552-33D5B7734F6E}.Release|Any CPU.ActiveCfg = Release|Any CPU
		{55343578-FB62-40BF-9552-33D5B7734F6E}.Release|Any CPU.Build.0 = Release|Any CPU
	EndGlobalSection
	GlobalSection(SolutionProperties) = preSolution
		HideSolutionNode = FALSE
	EndGlobalSection
	GlobalSection(ExtensibilityGlobals) = postSolution
		SolutionGuid = {DBA42534-A9ED-4C60-8787-DB5F3FB6E923}
	EndGlobalSection
EndGlobal
